
Microsoft Visual Studio Solution File, Format Version 12.00
# Visual Studio 2012
Project("{FAE04EC0-301F-11D3-BF4B-00C04F79EFBC}") = "KnockoutJSMVC4", "KnockoutJSMVC4\KnockoutJSMVC4.csproj", "{4E9DAB8F-708E-4867-A8F3-CBC82CCCE680}"
EndProject
Project("{FAE04EC0-301F-11D3-BF4B-00C04F79EFBC}") = "KnockoutJSMVC4.Tests", "KnockoutJSMVC4.Tests\KnockoutJSMVC4.Tests.csproj", "{64C5F6F4-F844-44AF-A6A0-90A33A2D18A5}"
EndProject
Global
	GlobalSection(SolutionConfigurationPlatforms) = preSolution
		Debug|Any CPU = Debug|Any CPU
		Release|Any CPU = Release|Any CPU
	EndGlobalSection
	GlobalSection(ProjectConfigurationPlatforms) = postSolution
		{4E9DAB8F-708E-4867-A8F3-CBC82CCCE680}.Debug|Any CPU.ActiveCfg = Debug|Any CPU
		{4E9DAB8F-708E-4867-A8F3-CBC82CCCE680}.Debug|Any CPU.Build.0 = Debug|Any CPU
		{4E9DAB8F-708E-4867-A8F3-CBC82CCCE680}.Release|Any CPU.ActiveCfg = Release|Any CPU
		{4E9DAB8F-708E-4867-A8F3-CBC82CCCE680}.Release|Any CPU.Build.0 = Release|Any CPU
		{64C5F6F4-F844-44AF-A6A0-90A33A2D18A5}.Debug|Any CPU.ActiveCfg = Debug|Any CPU
		{64C5F6F4-F844-44AF-A6A0-90A33A2D18A5}.Debug|Any CPU.Build.0 = Debug|Any CPU
		{64C5F6F4-F844-44AF-A6A0-90A33A2D18A5}.Release|Any CPU.ActiveCfg = Release|Any CPU
		{64C5F6F4-F844-44AF-A6A0-90A33A2D18A5}.Release|Any CPU.Build.0 = Release|Any CPU
	EndGlobalSection
	GlobalSection(SolutionProperties) = preSolution
		HideSolutionNode = FALSE
	EndGlobalSection
EndGlobal
